// !$*UTF8*$!
{
	archiveVersion = 1;
	classes = {
	};
	objectVersion = 46;
	objects = {

/* Begin PBXBuildFile section */
		220838AE1FCBF951003CD62A /* TaskButton.swift in Sources */ = {isa = PBXBuildFile; fileRef = 220838AD1FCBF951003CD62A /* TaskButton.swift */; };
		220838B21FCC0190003CD62A /* TaskLine.swift in Sources */ = {isa = PBXBuildFile; fileRef = 220838B11FCC0190003CD62A /* TaskLine.swift */; };
		220838B41FCC0861003CD62A /* TimelineController.swift in Sources */ = {isa = PBXBuildFile; fileRef = 220838B31FCC0861003CD62A /* TimelineController.swift */; };
		220838B61FCC0983003CD62A /* TimelineTable.swift in Sources */ = {isa = PBXBuildFile; fileRef = 220838B51FCC0983003CD62A /* TimelineTable.swift */; };
		220838B81FCC2629003CD62A /* TaskBundle.swift in Sources */ = {isa = PBXBuildFile; fileRef = 220838B71FCC2629003CD62A /* TaskBundle.swift */; };
		220838BA1FCC5B83003CD62A /* Task.swift in Sources */ = {isa = PBXBuildFile; fileRef = 220838B91FCC5B83003CD62A /* Task.swift */; };
		220838BC1FCC5C5A003CD62A /* Time.swift in Sources */ = {isa = PBXBuildFile; fileRef = 220838BB1FCC5C5A003CD62A /* Time.swift */; };
		220838BE1FCC5D54003CD62A /* Sprint.swift in Sources */ = {isa = PBXBuildFile; fileRef = 220838BD1FCC5D54003CD62A /* Sprint.swift */; };
		220838C21FCC608E003CD62A /* User.swift in Sources */ = {isa = PBXBuildFile; fileRef = 220838C11FCC608E003CD62A /* User.swift */; };
		220838C41FCC60DF003CD62A /* Project.swift in Sources */ = {isa = PBXBuildFile; fileRef = 220838C31FCC60DF003CD62A /* Project.swift */; };
		220838C61FCC6170003CD62A /* Tip.swift in Sources */ = {isa = PBXBuildFile; fileRef = 220838C51FCC6170003CD62A /* Tip.swift */; };
		220838C81FCC63D7003CD62A /* InitialTabController.swift in Sources */ = {isa = PBXBuildFile; fileRef = 220838C71FCC63D7003CD62A /* InitialTabController.swift */; };
		220838CF1FCD0417003CD62A /* .gitignore in Resources */ = {isa = PBXBuildFile; fileRef = 220838CE1FCD0417003CD62A /* .gitignore */; };
		220838D51FCD0FEE003CD62A /* Timeline.storyboard in Resources */ = {isa = PBXBuildFile; fileRef = 220838D31FCD0FEE003CD62A /* Timeline.storyboard */; };
		220838DA1FCD1039003CD62A /* Tasks.storyboard in Resources */ = {isa = PBXBuildFile; fileRef = 220838D81FCD1039003CD62A /* Tasks.storyboard */; };
		220838DC1FCD1510003CD62A /* Project.storyboard in Resources */ = {isa = PBXBuildFile; fileRef = 220838DB1FCD1510003CD62A /* Project.storyboard */; };
		220838E11FCD1AA9003CD62A /* DetailTask.storyboard in Resources */ = {isa = PBXBuildFile; fileRef = 220838E01FCD1AA9003CD62A /* DetailTask.storyboard */; };
		220838E31FCD1ACB003CD62A /* Help.storyboard in Resources */ = {isa = PBXBuildFile; fileRef = 220838E21FCD1ACB003CD62A /* Help.storyboard */; };
		220838E51FCD1AEB003CD62A /* Settings.storyboard in Resources */ = {isa = PBXBuildFile; fileRef = 220838E41FCD1AEB003CD62A /* Settings.storyboard */; };
		220838E81FCD1B77003CD62A /* Tips.storyboard in Resources */ = {isa = PBXBuildFile; fileRef = 220838E61FCD1B77003CD62A /* Tips.storyboard */; };
		220838EA1FCD1BA5003CD62A /* AddTask.storyboard in Resources */ = {isa = PBXBuildFile; fileRef = 220838E91FCD1BA5003CD62A /* AddTask.storyboard */; };
		2208390E1FCDC993003CD62A /* PlanBubble.swift in Sources */ = {isa = PBXBuildFile; fileRef = 2208390D1FCDC993003CD62A /* PlanBubble.swift */; };
		220839101FCDCD29003CD62A /* PlanTableViewController.swift in Sources */ = {isa = PBXBuildFile; fileRef = 2208390F1FCDCD29003CD62A /* PlanTableViewController.swift */; };
		220839121FCDCDFC003CD62A /* PlanTableViewCell.swift in Sources */ = {isa = PBXBuildFile; fileRef = 220839111FCDCDFC003CD62A /* PlanTableViewCell.swift */; };
		220839141FCDD2CB003CD62A /* PlanLine.swift in Sources */ = {isa = PBXBuildFile; fileRef = 220839131FCDD2CB003CD62A /* PlanLine.swift */; };
		22200D441FD5A9590090E4D3 /* EditNameViewController.swift in Sources */ = {isa = PBXBuildFile; fileRef = 22200D431FD5A9590090E4D3 /* EditNameViewController.swift */; };
		22200D461FD655FF0090E4D3 /* EditTimeViewController.swift in Sources */ = {isa = PBXBuildFile; fileRef = 22200D451FD655FF0090E4D3 /* EditTimeViewController.swift */; };
		22FB98791FCE9538000DD7F2 /* TestTableViewController.swift in Sources */ = {isa = PBXBuildFile; fileRef = 22FB98781FCE9538000DD7F2 /* TestTableViewController.swift */; };
		22FB987D1FCEAB3E000DD7F2 /* Plan.storyboard in Resources */ = {isa = PBXBuildFile; fileRef = 22FB987C1FCEAB3E000DD7F2 /* Plan.storyboard */; };
		22FB98E11FCFC18E000DD7F2 /* ProjectTableViewController.swift in Sources */ = {isa = PBXBuildFile; fileRef = 22FB98E01FCFC18E000DD7F2 /* ProjectTableViewController.swift */; };
		4758D5891FCFC9E1004F1427 /* HelpViewController.swift in Sources */ = {isa = PBXBuildFile; fileRef = 4758D5881FCFC9E1004F1427 /* HelpViewController.swift */; };
		4758D58D1FD53817004F1427 /* HelpNextViewController.swift in Sources */ = {isa = PBXBuildFile; fileRef = 4758D58C1FD53817004F1427 /* HelpNextViewController.swift */; };
		479484331FD65AD7005585C4 /* SettingsTableViewController.swift in Sources */ = {isa = PBXBuildFile; fileRef = 479484321FD65AD7005585C4 /* SettingsTableViewController.swift */; };
		479484351FD67F2D005585C4 /* ColorSettingsTableViewController.swift in Sources */ = {isa = PBXBuildFile; fileRef = 479484341FD67F2D005585C4 /* ColorSettingsTableViewController.swift */; };
		47F44DBA1FD7A5A00049F4B7 /* TipsViewController.swift in Sources */ = {isa = PBXBuildFile; fileRef = 47F44DB91FD7A5A00049F4B7 /* TipsViewController.swift */; };
		92926DB41FDD2525007046E9 /* EditTaskViewController.swift in Sources */ = {isa = PBXBuildFile; fileRef = 92926DB31FDD2525007046E9 /* EditTaskViewController.swift */; };
		92959A0C1FC6CDB0005B331F /* AppDelegate.swift in Sources */ = {isa = PBXBuildFile; fileRef = 92959A0B1FC6CDB0005B331F /* AppDelegate.swift */; };
		92959A0E1FC6CDB0005B331F /* ViewController.swift in Sources */ = {isa = PBXBuildFile; fileRef = 92959A0D1FC6CDB0005B331F /* ViewController.swift */; };
		92959A111FC6CDB0005B331F /* Main.storyboard in Resources */ = {isa = PBXBuildFile; fileRef = 92959A0F1FC6CDB0005B331F /* Main.storyboard */; };
		92959A131FC6CDB0005B331F /* Assets.xcassets in Resources */ = {isa = PBXBuildFile; fileRef = 92959A121FC6CDB0005B331F /* Assets.xcassets */; };
		92959A161FC6CDB0005B331F /* LaunchScreen.storyboard in Resources */ = {isa = PBXBuildFile; fileRef = 92959A141FC6CDB0005B331F /* LaunchScreen.storyboard */; };
		929682AF1FCFAF4600BBF591 /* coreDataCaplan.xcdatamodeld in Sources */ = {isa = PBXBuildFile; fileRef = 929682AD1FCFAF4500BBF591 /* coreDataCaplan.xcdatamodeld */; };
		92C4BACE1FCFC95700B7C2DB /* TaskSprintSetView.swift in Sources */ = {isa = PBXBuildFile; fileRef = 92C4BACD1FCFC95700B7C2DB /* TaskSprintSetView.swift */; };
		92CA5D0A1FDA553D0035631C /* ResetViewController.swift in Sources */ = {isa = PBXBuildFile; fileRef = 92CA5D091FDA553D0035631C /* ResetViewController.swift */; };
		92CDA1EF1FDA5E14006C02F8 /* DetailTaskViewController.swift in Sources */ = {isa = PBXBuildFile; fileRef = 92CDA1EE1FDA5E14006C02F8 /* DetailTaskViewController.swift */; };
		961824FC1FDD38EF007FBB2D /* AddSprintViewController.swift in Sources */ = {isa = PBXBuildFile; fileRef = 961824FB1FDD38EF007FBB2D /* AddSprintViewController.swift */; };
		964297091FDBFA2A00E85B22 /* TipsCore+CoreDataClass.swift in Sources */ = {isa = PBXBuildFile; fileRef = 964296FD1FDBFA2A00E85B22 /* TipsCore+CoreDataClass.swift */; };
		9642970A1FDBFA2A00E85B22 /* TipsCore+CoreDataProperties.swift in Sources */ = {isa = PBXBuildFile; fileRef = 964296FE1FDBFA2A00E85B22 /* TipsCore+CoreDataProperties.swift */; };
		9642970B1FDBFA2A00E85B22 /* UserCore+CoreDataClass.swift in Sources */ = {isa = PBXBuildFile; fileRef = 964296FF1FDBFA2A00E85B22 /* UserCore+CoreDataClass.swift */; };
		9642970C1FDBFA2A00E85B22 /* UserCore+CoreDataProperties.swift in Sources */ = {isa = PBXBuildFile; fileRef = 964297001FDBFA2A00E85B22 /* UserCore+CoreDataProperties.swift */; };
		9642970D1FDBFA2A00E85B22 /* EventCore+CoreDataClass.swift in Sources */ = {isa = PBXBuildFile; fileRef = 964297011FDBFA2A00E85B22 /* EventCore+CoreDataClass.swift */; };
		9642970E1FDBFA2A00E85B22 /* EventCore+CoreDataProperties.swift in Sources */ = {isa = PBXBuildFile; fileRef = 964297021FDBFA2A00E85B22 /* EventCore+CoreDataProperties.swift */; };
		9642970F1FDBFA2A00E85B22 /* SprintCore+CoreDataClass.swift in Sources */ = {isa = PBXBuildFile; fileRef = 964297031FDBFA2A00E85B22 /* SprintCore+CoreDataClass.swift */; };
		964297101FDBFA2A00E85B22 /* SprintCore+CoreDataProperties.swift in Sources */ = {isa = PBXBuildFile; fileRef = 964297041FDBFA2A00E85B22 /* SprintCore+CoreDataProperties.swift */; };
		964297111FDBFA2A00E85B22 /* ProjectCore+CoreDataClass.swift in Sources */ = {isa = PBXBuildFile; fileRef = 964297051FDBFA2A00E85B22 /* ProjectCore+CoreDataClass.swift */; };
		964297121FDBFA2A00E85B22 /* ProjectCore+CoreDataProperties.swift in Sources */ = {isa = PBXBuildFile; fileRef = 964297061FDBFA2A00E85B22 /* ProjectCore+CoreDataProperties.swift */; };
		964297131FDBFA2A00E85B22 /* TaskCore+CoreDataClass.swift in Sources */ = {isa = PBXBuildFile; fileRef = 964297071FDBFA2A00E85B22 /* TaskCore+CoreDataClass.swift */; };
		964297141FDBFA2A00E85B22 /* TaskCore+CoreDataProperties.swift in Sources */ = {isa = PBXBuildFile; fileRef = 964297081FDBFA2A00E85B22 /* TaskCore+CoreDataProperties.swift */; };
		968AFD5D1FCFE8A000722C97 /* TaskAddedInfoView.swift in Sources */ = {isa = PBXBuildFile; fileRef = 968AFD5C1FCFE8A000722C97 /* TaskAddedInfoView.swift */; };
		96CD07771FCD64E700C0D563 /* Event.swift in Sources */ = {isa = PBXBuildFile; fileRef = 96CD07761FCD64E700C0D563 /* Event.swift */; };
		96CD07791FCDA30D00C0D563 /* TaskPickerView.swift in Sources */ = {isa = PBXBuildFile; fileRef = 96CD07781FCDA30D00C0D563 /* TaskPickerView.swift */; };
		96CD079B1FCE89F700C0D563 /* TaskActivitiesView.swift in Sources */ = {isa = PBXBuildFile; fileRef = 96CD079A1FCE89F700C0D563 /* TaskActivitiesView.swift */; };
		CE470D391FD98DF80000036B /* Notification.swift in Sources */ = {isa = PBXBuildFile; fileRef = CE470D381FD98DF70000036B /* Notification.swift */; };
		CE8ED6521FD64ACA00D4D446 /* CodingTasks.swift in Sources */ = {isa = PBXBuildFile; fileRef = CE8ED6511FD64ACA00D4D446 /* CodingTasks.swift */; };
		CE8ED6541FD64ADC00D4D446 /* RequirementTasks.swift in Sources */ = {isa = PBXBuildFile; fileRef = CE8ED6531FD64ADC00D4D446 /* RequirementTasks.swift */; };
		CE8ED6561FD64AF100D4D446 /* TestingTasks.swift in Sources */ = {isa = PBXBuildFile; fileRef = CE8ED6551FD64AF100D4D446 /* TestingTasks.swift */; };
		CEAC67F81FCFAA7B00AB0212 /* TaskTableViewController.swift in Sources */ = {isa = PBXBuildFile; fileRef = CEAC67F71FCFAA7B00AB0212 /* TaskTableViewController.swift */; };
		CEAC67FA1FCFAAB600AB0212 /* TaskTableViewCell.swift in Sources */ = {isa = PBXBuildFile; fileRef = CEAC67F91FCFAAB600AB0212 /* TaskTableViewCell.swift */; };
		CEE1AEDF1FD5913500A83A06 /* DesignTasks.swift in Sources */ = {isa = PBXBuildFile; fileRef = CEE1AEDE1FD5913500A83A06 /* DesignTasks.swift */; };
/* End PBXBuildFile section */

/* Begin PBXFileReference section */
		220838AD1FCBF951003CD62A /* TaskButton.swift */ = {isa = PBXFileReference; lastKnownFileType = sourcecode.swift; path = TaskButton.swift; sourceTree = "<group>"; };
		220838B11FCC0190003CD62A /* TaskLine.swift */ = {isa = PBXFileReference; lastKnownFileType = sourcecode.swift; path = TaskLine.swift; sourceTree = "<group>"; };
		220838B31FCC0861003CD62A /* TimelineController.swift */ = {isa = PBXFileReference; lastKnownFileType = sourcecode.swift; path = TimelineController.swift; sourceTree = "<group>"; };
		220838B51FCC0983003CD62A /* TimelineTable.swift */ = {isa = PBXFileReference; lastKnownFileType = sourcecode.swift; path = TimelineTable.swift; sourceTree = "<group>"; };
		220838B71FCC2629003CD62A /* TaskBundle.swift */ = {isa = PBXFileReference; lastKnownFileType = sourcecode.swift; path = TaskBundle.swift; sourceTree = "<group>"; };
		220838B91FCC5B83003CD62A /* Task.swift */ = {isa = PBXFileReference; lastKnownFileType = sourcecode.swift; path = Task.swift; sourceTree = "<group>"; };
		220838BB1FCC5C5A003CD62A /* Time.swift */ = {isa = PBXFileReference; lastKnownFileType = sourcecode.swift; path = Time.swift; sourceTree = "<group>"; };
		220838BD1FCC5D54003CD62A /* Sprint.swift */ = {isa = PBXFileReference; lastKnownFileType = sourcecode.swift; path = Sprint.swift; sourceTree = "<group>"; };
		220838C11FCC608E003CD62A /* User.swift */ = {isa = PBXFileReference; lastKnownFileType = sourcecode.swift; path = User.swift; sourceTree = "<group>"; };
		220838C31FCC60DF003CD62A /* Project.swift */ = {isa = PBXFileReference; lastKnownFileType = sourcecode.swift; path = Project.swift; sourceTree = "<group>"; };
		220838C51FCC6170003CD62A /* Tip.swift */ = {isa = PBXFileReference; lastKnownFileType = sourcecode.swift; path = Tip.swift; sourceTree = "<group>"; };
		220838C71FCC63D7003CD62A /* InitialTabController.swift */ = {isa = PBXFileReference; lastKnownFileType = sourcecode.swift; path = InitialTabController.swift; sourceTree = "<group>"; };
		220838CE1FCD0417003CD62A /* .gitignore */ = {isa = PBXFileReference; lastKnownFileType = text; path = .gitignore; sourceTree = "<group>"; };
		220838D41FCD0FEE003CD62A /* Base */ = {isa = PBXFileReference; lastKnownFileType = file.storyboard; name = Base; path = IndomitableProject/Base.lproj/Timeline.storyboard; sourceTree = "<group>"; };
		220838D91FCD1039003CD62A /* Base */ = {isa = PBXFileReference; lastKnownFileType = file.storyboard; name = Base; path = IndomitableProject/Base.lproj/Tasks.storyboard; sourceTree = "<group>"; };
		220838DB1FCD1510003CD62A /* Project.storyboard */ = {isa = PBXFileReference; fileEncoding = 4; lastKnownFileType = file.storyboard; path = Project.storyboard; sourceTree = "<group>"; };
		220838E01FCD1AA9003CD62A /* DetailTask.storyboard */ = {isa = PBXFileReference; lastKnownFileType = file.storyboard; path = DetailTask.storyboard; sourceTree = "<group>"; };
		220838E21FCD1ACB003CD62A /* Help.storyboard */ = {isa = PBXFileReference; lastKnownFileType = file.storyboard; path = Help.storyboard; sourceTree = "<group>"; };
		220838E41FCD1AEB003CD62A /* Settings.storyboard */ = {isa = PBXFileReference; lastKnownFileType = file.storyboard; path = Settings.storyboard; sourceTree = "<group>"; };
		220838E71FCD1B77003CD62A /* Base */ = {isa = PBXFileReference; lastKnownFileType = file.storyboard; name = Base; path = IndomitableProject/Base.lproj/Tips.storyboard; sourceTree = "<group>"; };
		220838E91FCD1BA5003CD62A /* AddTask.storyboard */ = {isa = PBXFileReference; lastKnownFileType = file.storyboard; path = AddTask.storyboard; sourceTree = "<group>"; };
		2208390D1FCDC993003CD62A /* PlanBubble.swift */ = {isa = PBXFileReference; lastKnownFileType = sourcecode.swift; path = PlanBubble.swift; sourceTree = "<group>"; };
		2208390F1FCDCD29003CD62A /* PlanTableViewController.swift */ = {isa = PBXFileReference; lastKnownFileType = sourcecode.swift; path = PlanTableViewController.swift; sourceTree = "<group>"; };
		220839111FCDCDFC003CD62A /* PlanTableViewCell.swift */ = {isa = PBXFileReference; lastKnownFileType = sourcecode.swift; path = PlanTableViewCell.swift; sourceTree = "<group>"; };
		220839131FCDD2CB003CD62A /* PlanLine.swift */ = {isa = PBXFileReference; lastKnownFileType = sourcecode.swift; path = PlanLine.swift; sourceTree = "<group>"; };
		22200D431FD5A9590090E4D3 /* EditNameViewController.swift */ = {isa = PBXFileReference; lastKnownFileType = sourcecode.swift; path = EditNameViewController.swift; sourceTree = "<group>"; };
		22200D451FD655FF0090E4D3 /* EditTimeViewController.swift */ = {isa = PBXFileReference; lastKnownFileType = sourcecode.swift; path = EditTimeViewController.swift; sourceTree = "<group>"; };
		22FB98781FCE9538000DD7F2 /* TestTableViewController.swift */ = {isa = PBXFileReference; lastKnownFileType = sourcecode.swift; path = TestTableViewController.swift; sourceTree = "<group>"; };
		22FB987C1FCEAB3E000DD7F2 /* Plan.storyboard */ = {isa = PBXFileReference; fileEncoding = 4; lastKnownFileType = file.storyboard; path = Plan.storyboard; sourceTree = "<group>"; };
		22FB98E01FCFC18E000DD7F2 /* ProjectTableViewController.swift */ = {isa = PBXFileReference; lastKnownFileType = sourcecode.swift; path = ProjectTableViewController.swift; sourceTree = "<group>"; };
		4758D5881FCFC9E1004F1427 /* HelpViewController.swift */ = {isa = PBXFileReference; lastKnownFileType = sourcecode.swift; path = HelpViewController.swift; sourceTree = "<group>"; };
		4758D58C1FD53817004F1427 /* HelpNextViewController.swift */ = {isa = PBXFileReference; lastKnownFileType = sourcecode.swift; path = HelpNextViewController.swift; sourceTree = "<group>"; };
		479484321FD65AD7005585C4 /* SettingsTableViewController.swift */ = {isa = PBXFileReference; lastKnownFileType = sourcecode.swift; path = SettingsTableViewController.swift; sourceTree = "<group>"; };
		479484341FD67F2D005585C4 /* ColorSettingsTableViewController.swift */ = {isa = PBXFileReference; lastKnownFileType = sourcecode.swift; path = ColorSettingsTableViewController.swift; sourceTree = "<group>"; };
		47F44DB91FD7A5A00049F4B7 /* TipsViewController.swift */ = {isa = PBXFileReference; lastKnownFileType = sourcecode.swift; path = TipsViewController.swift; sourceTree = "<group>"; };
		92926DB31FDD2525007046E9 /* EditTaskViewController.swift */ = {isa = PBXFileReference; lastKnownFileType = sourcecode.swift; path = EditTaskViewController.swift; sourceTree = "<group>"; };
		92959A081FC6CDAF005B331F /* IndomitableProject.app */ = {isa = PBXFileReference; explicitFileType = wrapper.application; includeInIndex = 0; path = IndomitableProject.app; sourceTree = BUILT_PRODUCTS_DIR; };
		92959A0B1FC6CDB0005B331F /* AppDelegate.swift */ = {isa = PBXFileReference; lastKnownFileType = sourcecode.swift; path = AppDelegate.swift; sourceTree = "<group>"; };
		92959A0D1FC6CDB0005B331F /* ViewController.swift */ = {isa = PBXFileReference; lastKnownFileType = sourcecode.swift; path = ViewController.swift; sourceTree = "<group>"; };
		92959A101FC6CDB0005B331F /* Base */ = {isa = PBXFileReference; lastKnownFileType = file.storyboard; name = Base; path = Base.lproj/Main.storyboard; sourceTree = "<group>"; };
		92959A121FC6CDB0005B331F /* Assets.xcassets */ = {isa = PBXFileReference; lastKnownFileType = folder.assetcatalog; path = Assets.xcassets; sourceTree = "<group>"; };
		92959A151FC6CDB0005B331F /* Base */ = {isa = PBXFileReference; lastKnownFileType = file.storyboard; name = Base; path = Base.lproj/LaunchScreen.storyboard; sourceTree = "<group>"; };
		92959A171FC6CDB0005B331F /* Info.plist */ = {isa = PBXFileReference; lastKnownFileType = text.plist.xml; path = Info.plist; sourceTree = "<group>"; };
		929682AE1FCFAF4500BBF591 /* coreDataCaplan.xcdatamodel */ = {isa = PBXFileReference; lastKnownFileType = wrapper.xcdatamodel; path = coreDataCaplan.xcdatamodel; sourceTree = "<group>"; };
		92C4BACD1FCFC95700B7C2DB /* TaskSprintSetView.swift */ = {isa = PBXFileReference; lastKnownFileType = sourcecode.swift; path = TaskSprintSetView.swift; sourceTree = "<group>"; };
		92CA5D091FDA553D0035631C /* ResetViewController.swift */ = {isa = PBXFileReference; lastKnownFileType = sourcecode.swift; path = ResetViewController.swift; sourceTree = "<group>"; };
		92CDA1EE1FDA5E14006C02F8 /* DetailTaskViewController.swift */ = {isa = PBXFileReference; lastKnownFileType = sourcecode.swift; path = DetailTaskViewController.swift; sourceTree = "<group>"; };
		961197FE1FD6A26F00678BF2 /* SWRevealViewController.m */ = {isa = PBXFileReference; fileEncoding = 4; lastKnownFileType = sourcecode.c.objc; path = SWRevealViewController.m; sourceTree = "<group>"; };
		961824FB1FDD38EF007FBB2D /* AddSprintViewController.swift */ = {isa = PBXFileReference; lastKnownFileType = sourcecode.swift; path = AddSprintViewController.swift; sourceTree = "<group>"; };
		964296FD1FDBFA2A00E85B22 /* TipsCore+CoreDataClass.swift */ = {isa = PBXFileReference; lastKnownFileType = sourcecode.swift; path = "TipsCore+CoreDataClass.swift"; sourceTree = "<group>"; };
		964296FE1FDBFA2A00E85B22 /* TipsCore+CoreDataProperties.swift */ = {isa = PBXFileReference; lastKnownFileType = sourcecode.swift; path = "TipsCore+CoreDataProperties.swift"; sourceTree = "<group>"; };
		964296FF1FDBFA2A00E85B22 /* UserCore+CoreDataClass.swift */ = {isa = PBXFileReference; lastKnownFileType = sourcecode.swift; path = "UserCore+CoreDataClass.swift"; sourceTree = "<group>"; };
		964297001FDBFA2A00E85B22 /* UserCore+CoreDataProperties.swift */ = {isa = PBXFileReference; lastKnownFileType = sourcecode.swift; path = "UserCore+CoreDataProperties.swift"; sourceTree = "<group>"; };
		964297011FDBFA2A00E85B22 /* EventCore+CoreDataClass.swift */ = {isa = PBXFileReference; lastKnownFileType = sourcecode.swift; path = "EventCore+CoreDataClass.swift"; sourceTree = "<group>"; };
		964297021FDBFA2A00E85B22 /* EventCore+CoreDataProperties.swift */ = {isa = PBXFileReference; lastKnownFileType = sourcecode.swift; path = "EventCore+CoreDataProperties.swift"; sourceTree = "<group>"; };
		964297031FDBFA2A00E85B22 /* SprintCore+CoreDataClass.swift */ = {isa = PBXFileReference; lastKnownFileType = sourcecode.swift; path = "SprintCore+CoreDataClass.swift"; sourceTree = "<group>"; };
		964297041FDBFA2A00E85B22 /* SprintCore+CoreDataProperties.swift */ = {isa = PBXFileReference; lastKnownFileType = sourcecode.swift; path = "SprintCore+CoreDataProperties.swift"; sourceTree = "<group>"; };
		964297051FDBFA2A00E85B22 /* ProjectCore+CoreDataClass.swift */ = {isa = PBXFileReference; lastKnownFileType = sourcecode.swift; path = "ProjectCore+CoreDataClass.swift"; sourceTree = "<group>"; };
		964297061FDBFA2A00E85B22 /* ProjectCore+CoreDataProperties.swift */ = {isa = PBXFileReference; lastKnownFileType = sourcecode.swift; path = "ProjectCore+CoreDataProperties.swift"; sourceTree = "<group>"; };
		964297071FDBFA2A00E85B22 /* TaskCore+CoreDataClass.swift */ = {isa = PBXFileReference; lastKnownFileType = sourcecode.swift; path = "TaskCore+CoreDataClass.swift"; sourceTree = "<group>"; };
		964297081FDBFA2A00E85B22 /* TaskCore+CoreDataProperties.swift */ = {isa = PBXFileReference; lastKnownFileType = sourcecode.swift; path = "TaskCore+CoreDataProperties.swift"; sourceTree = "<group>"; };
		968AFD5C1FCFE8A000722C97 /* TaskAddedInfoView.swift */ = {isa = PBXFileReference; lastKnownFileType = sourcecode.swift; path = TaskAddedInfoView.swift; sourceTree = "<group>"; };
		96CD07761FCD64E700C0D563 /* Event.swift */ = {isa = PBXFileReference; lastKnownFileType = sourcecode.swift; path = Event.swift; sourceTree = "<group>"; };
		96CD07781FCDA30D00C0D563 /* TaskPickerView.swift */ = {isa = PBXFileReference; lastKnownFileType = sourcecode.swift; path = TaskPickerView.swift; sourceTree = "<group>"; };
		96CD079A1FCE89F700C0D563 /* TaskActivitiesView.swift */ = {isa = PBXFileReference; lastKnownFileType = sourcecode.swift; path = TaskActivitiesView.swift; sourceTree = "<group>"; };
		CE470D381FD98DF70000036B /* Notification.swift */ = {isa = PBXFileReference; fileEncoding = 4; lastKnownFileType = sourcecode.swift; path = Notification.swift; sourceTree = "<group>"; };
		CE8ED6511FD64ACA00D4D446 /* CodingTasks.swift */ = {isa = PBXFileReference; lastKnownFileType = sourcecode.swift; path = CodingTasks.swift; sourceTree = "<group>"; };
		CE8ED6531FD64ADC00D4D446 /* RequirementTasks.swift */ = {isa = PBXFileReference; lastKnownFileType = sourcecode.swift; path = RequirementTasks.swift; sourceTree = "<group>"; };
		CE8ED6551FD64AF100D4D446 /* TestingTasks.swift */ = {isa = PBXFileReference; lastKnownFileType = sourcecode.swift; path = TestingTasks.swift; sourceTree = "<group>"; };
		CEAC67F71FCFAA7B00AB0212 /* TaskTableViewController.swift */ = {isa = PBXFileReference; lastKnownFileType = sourcecode.swift; path = TaskTableViewController.swift; sourceTree = "<group>"; };
		CEAC67F91FCFAAB600AB0212 /* TaskTableViewCell.swift */ = {isa = PBXFileReference; lastKnownFileType = sourcecode.swift; path = TaskTableViewCell.swift; sourceTree = "<group>"; };
		CEE1AEDE1FD5913500A83A06 /* DesignTasks.swift */ = {isa = PBXFileReference; lastKnownFileType = sourcecode.swift; path = DesignTasks.swift; sourceTree = "<group>"; };
/* End PBXFileReference section */

/* Begin PBXFrameworksBuildPhase section */
		92959A051FC6CDAF005B331F /* Frameworks */ = {
			isa = PBXFrameworksBuildPhase;
			buildActionMask = 2147483647;
			files = (
			);
			runOnlyForDeploymentPostprocessing = 0;
		};
/* End PBXFrameworksBuildPhase section */

/* Begin PBXGroup section */
		220838D11FCD0434003CD62A /* ProjectData */ = {
			isa = PBXGroup;
			children = (
				220838B91FCC5B83003CD62A /* Task.swift */,
				220838BD1FCC5D54003CD62A /* Sprint.swift */,
				220838C11FCC608E003CD62A /* User.swift */,
				220838C31FCC60DF003CD62A /* Project.swift */,
				220838C51FCC6170003CD62A /* Tip.swift */,
				220838BB1FCC5C5A003CD62A /* Time.swift */,
				96CD07761FCD64E700C0D563 /* Event.swift */,
			);
			name = ProjectData;
			sourceTree = "<group>";
		};
		220838D21FCD0454003CD62A /* UITimeline */ = {
			isa = PBXGroup;
			children = (
				220838AD1FCBF951003CD62A /* TaskButton.swift */,
				220838B11FCC0190003CD62A /* TaskLine.swift */,
				220838B71FCC2629003CD62A /* TaskBundle.swift */,
				220838B31FCC0861003CD62A /* TimelineController.swift */,
				220838B51FCC0983003CD62A /* TimelineTable.swift */,
			);
			name = UITimeline;
			sourceTree = "<group>";
		};
		2208390C1FCDC946003CD62A /* UIPlan */ = {
			isa = PBXGroup;
			children = (
				2208390D1FCDC993003CD62A /* PlanBubble.swift */,
				220839131FCDD2CB003CD62A /* PlanLine.swift */,
				220839111FCDCDFC003CD62A /* PlanTableViewCell.swift */,
				2208390F1FCDCD29003CD62A /* PlanTableViewController.swift */,
				22FB98781FCE9538000DD7F2 /* TestTableViewController.swift */,
				961824FB1FDD38EF007FBB2D /* AddSprintViewController.swift */,
			);
			name = UIPlan;
			sourceTree = "<group>";
		};
		22200D471FDA7B6B0090E4D3 /* Recovered References */ = {
			isa = PBXGroup;
			children = (
				961197FE1FD6A26F00678BF2 /* SWRevealViewController.m */,
			);
			name = "Recovered References";
			sourceTree = "<group>";
		};
		22FB98DF1FCFBF54000DD7F2 /* UIProject */ = {
			isa = PBXGroup;
			children = (
				22FB98E01FCFC18E000DD7F2 /* ProjectTableViewController.swift */,
				22200D431FD5A9590090E4D3 /* EditNameViewController.swift */,
				22200D451FD655FF0090E4D3 /* EditTimeViewController.swift */,
				92CA5D091FDA553D0035631C /* ResetViewController.swift */,
			);
			name = UIProject;
			sourceTree = "<group>";
		};
		929599FF1FC6CDAF005B331F = {
			isa = PBXGroup;
			children = (
				92959A0A1FC6CDB0005B331F /* IndomitableProject */,
				92959A091FC6CDAF005B331F /* Products */,
				22200D471FDA7B6B0090E4D3 /* Recovered References */,
			);
			sourceTree = "<group>";
		};
		92959A091FC6CDAF005B331F /* Products */ = {
			isa = PBXGroup;
			children = (
				92959A081FC6CDAF005B331F /* IndomitableProject.app */,
			);
			name = Products;
			sourceTree = "<group>";
		};
		92959A0A1FC6CDB0005B331F /* IndomitableProject */ = {
			isa = PBXGroup;
			children = (
				CE470D381FD98DF70000036B /* Notification.swift */,
				961198141FD70E6700678BF2 /* CoreDataClass+Properties */,
				929682AD1FCFAF4500BBF591 /* coreDataCaplan.xcdatamodeld */,
				92959A0B1FC6CDB0005B331F /* AppDelegate.swift */,
				92959A0D1FC6CDB0005B331F /* ViewController.swift */,
				220838E21FCD1ACB003CD62A /* Help.storyboard */,
				4758D58C1FD53817004F1427 /* HelpNextViewController.swift */,
				4758D5881FCFC9E1004F1427 /* HelpViewController.swift */,
				220838E41FCD1AEB003CD62A /* Settings.storyboard */,
				479484341FD67F2D005585C4 /* ColorSettingsTableViewController.swift */,
				479484321FD65AD7005585C4 /* SettingsTableViewController.swift */,
				220838E01FCD1AA9003CD62A /* DetailTask.storyboard */,
				220838DB1FCD1510003CD62A /* Project.storyboard */,
				22FB98DF1FCFBF54000DD7F2 /* UIProject */,
				220838D81FCD1039003CD62A /* Tasks.storyboard */,
				CEAC67F61FCFAA4100AB0212 /* UIAllTasks */,
				22FB987C1FCEAB3E000DD7F2 /* Plan.storyboard */,
				2208390C1FCDC946003CD62A /* UIPlan */,
				220838D31FCD0FEE003CD62A /* Timeline.storyboard */,
				220838E61FCD1B77003CD62A /* Tips.storyboard */,
				47F44DB91FD7A5A00049F4B7 /* TipsViewController.swift */,
				92959A0F1FC6CDB0005B331F /* Main.storyboard */,
				220838CE1FCD0417003CD62A /* .gitignore */,
				92959A121FC6CDB0005B331F /* Assets.xcassets */,
				92959A141FC6CDB0005B331F /* LaunchScreen.storyboard */,
				92959A171FC6CDB0005B331F /* Info.plist */,
				220838E91FCD1BA5003CD62A /* AddTask.storyboard */,
				220838D11FCD0434003CD62A /* ProjectData */,
				92C4BACC1FCFBB0400B7C2DB /* UIAddTask */,
				220838D21FCD0454003CD62A /* UITimeline */,
				220838C71FCC63D7003CD62A /* InitialTabController.swift */,
			);
			path = IndomitableProject;
			sourceTree = "<group>";
		};
		92C4BACC1FCFBB0400B7C2DB /* UIAddTask */ = {
			isa = PBXGroup;
			children = (
				96CD07781FCDA30D00C0D563 /* TaskPickerView.swift */,
				96CD079A1FCE89F700C0D563 /* TaskActivitiesView.swift */,
				92C4BACD1FCFC95700B7C2DB /* TaskSprintSetView.swift */,
				968AFD5C1FCFE8A000722C97 /* TaskAddedInfoView.swift */,
			);
			path = UIAddTask;
			sourceTree = "<group>";
		};
		961198141FD70E6700678BF2 /* CoreDataClass+Properties */ = {
			isa = PBXGroup;
			children = (
				964296FD1FDBFA2A00E85B22 /* TipsCore+CoreDataClass.swift */,
				964296FE1FDBFA2A00E85B22 /* TipsCore+CoreDataProperties.swift */,
				964296FF1FDBFA2A00E85B22 /* UserCore+CoreDataClass.swift */,
				964297001FDBFA2A00E85B22 /* UserCore+CoreDataProperties.swift */,
				964297011FDBFA2A00E85B22 /* EventCore+CoreDataClass.swift */,
				964297021FDBFA2A00E85B22 /* EventCore+CoreDataProperties.swift */,
				964297031FDBFA2A00E85B22 /* SprintCore+CoreDataClass.swift */,
				964297041FDBFA2A00E85B22 /* SprintCore+CoreDataProperties.swift */,
				964297051FDBFA2A00E85B22 /* ProjectCore+CoreDataClass.swift */,
				964297061FDBFA2A00E85B22 /* ProjectCore+CoreDataProperties.swift */,
				964297071FDBFA2A00E85B22 /* TaskCore+CoreDataClass.swift */,
				964297081FDBFA2A00E85B22 /* TaskCore+CoreDataProperties.swift */,
			);
			path = "CoreDataClass+Properties";
			sourceTree = "<group>";
		};
		CEAC67F61FCFAA4100AB0212 /* UIAllTasks */ = {
			isa = PBXGroup;
			children = (
				CEAC67F71FCFAA7B00AB0212 /* TaskTableViewController.swift */,
				CEAC67F91FCFAAB600AB0212 /* TaskTableViewCell.swift */,
				CEE1AEDE1FD5913500A83A06 /* DesignTasks.swift */,
				CE8ED6511FD64ACA00D4D446 /* CodingTasks.swift */,
				CE8ED6531FD64ADC00D4D446 /* RequirementTasks.swift */,
				CE8ED6551FD64AF100D4D446 /* TestingTasks.swift */,
				92CDA1EE1FDA5E14006C02F8 /* DetailTaskViewController.swift */,
				92926DB31FDD2525007046E9 /* EditTaskViewController.swift */,
			);
			name = UIAllTasks;
			sourceTree = "<group>";
		};
/* End PBXGroup section */

/* Begin PBXNativeTarget section */
		92959A071FC6CDAF005B331F /* IndomitableProject */ = {
			isa = PBXNativeTarget;
			buildConfigurationList = 92959A1A1FC6CDB0005B331F /* Build configuration list for PBXNativeTarget "IndomitableProject" */;
			buildPhases = (
				92959A041FC6CDAF005B331F /* Sources */,
				92959A051FC6CDAF005B331F /* Frameworks */,
				92959A061FC6CDAF005B331F /* Resources */,
			);
			buildRules = (
			);
			dependencies = (
			);
			name = IndomitableProject;
			productName = IndomitableProject;
			productReference = 92959A081FC6CDAF005B331F /* IndomitableProject.app */;
			productType = "com.apple.product-type.application";
		};
/* End PBXNativeTarget section */

/* Begin PBXProject section */
		92959A001FC6CDAF005B331F /* Project object */ = {
			isa = PBXProject;
			attributes = {
				LastSwiftUpdateCheck = 0830;
				LastUpgradeCheck = 0830;
				ORGANIZATIONNAME = RagingWind;
				TargetAttributes = {
					92959A071FC6CDAF005B331F = {
						CreatedOnToolsVersion = 8.3.3;
						LastSwiftMigration = 0910;
						ProvisioningStyle = Automatic;
					};
				};
			};
			buildConfigurationList = 92959A031FC6CDAF005B331F /* Build configuration list for PBXProject "IndomitableProject" */;
			compatibilityVersion = "Xcode 3.2";
			developmentRegion = English;
			hasScannedForEncodings = 0;
			knownRegions = (
				en,
				Base,
			);
			mainGroup = 929599FF1FC6CDAF005B331F;
			productRefGroup = 92959A091FC6CDAF005B331F /* Products */;
			projectDirPath = "";
			projectRoot = "";
			targets = (
				92959A071FC6CDAF005B331F /* IndomitableProject */,
			);
		};
/* End PBXProject section */

/* Begin PBXResourcesBuildPhase section */
		92959A061FC6CDAF005B331F /* Resources */ = {
			isa = PBXResourcesBuildPhase;
			buildActionMask = 2147483647;
			files = (
				220838DC1FCD1510003CD62A /* Project.storyboard in Resources */,
				220838CF1FCD0417003CD62A /* .gitignore in Resources */,
				92959A161FC6CDB0005B331F /* LaunchScreen.storyboard in Resources */,
				220838E51FCD1AEB003CD62A /* Settings.storyboard in Resources */,
				220838E31FCD1ACB003CD62A /* Help.storyboard in Resources */,
				220838D51FCD0FEE003CD62A /* Timeline.storyboard in Resources */,
				220838EA1FCD1BA5003CD62A /* AddTask.storyboard in Resources */,
				220838E81FCD1B77003CD62A /* Tips.storyboard in Resources */,
				22FB987D1FCEAB3E000DD7F2 /* Plan.storyboard in Resources */,
				220838E11FCD1AA9003CD62A /* DetailTask.storyboard in Resources */,
				92959A131FC6CDB0005B331F /* Assets.xcassets in Resources */,
				220838DA1FCD1039003CD62A /* Tasks.storyboard in Resources */,
				92959A111FC6CDB0005B331F /* Main.storyboard in Resources */,
			);
			runOnlyForDeploymentPostprocessing = 0;
		};
/* End PBXResourcesBuildPhase section */

/* Begin PBXSourcesBuildPhase section */
		92959A041FC6CDAF005B331F /* Sources */ = {
			isa = PBXSourcesBuildPhase;
			buildActionMask = 2147483647;
			files = (
				9642970A1FDBFA2A00E85B22 /* TipsCore+CoreDataProperties.swift in Sources */,
				220838BA1FCC5B83003CD62A /* Task.swift in Sources */,
				22200D461FD655FF0090E4D3 /* EditTimeViewController.swift in Sources */,
				220838B21FCC0190003CD62A /* TaskLine.swift in Sources */,
				2208390E1FCDC993003CD62A /* PlanBubble.swift in Sources */,
				CEAC67FA1FCFAAB600AB0212 /* TaskTableViewCell.swift in Sources */,
				CE8ED6541FD64ADC00D4D446 /* RequirementTasks.swift in Sources */,
				9642970F1FDBFA2A00E85B22 /* SprintCore+CoreDataClass.swift in Sources */,
				964297101FDBFA2A00E85B22 /* SprintCore+CoreDataProperties.swift in Sources */,
				9642970C1FDBFA2A00E85B22 /* UserCore+CoreDataProperties.swift in Sources */,
				964297121FDBFA2A00E85B22 /* ProjectCore+CoreDataProperties.swift in Sources */,
				220838C81FCC63D7003CD62A /* InitialTabController.swift in Sources */,
				479484331FD65AD7005585C4 /* SettingsTableViewController.swift in Sources */,
				964297141FDBFA2A00E85B22 /* TaskCore+CoreDataProperties.swift in Sources */,
				220838C61FCC6170003CD62A /* Tip.swift in Sources */,
				220838AE1FCBF951003CD62A /* TaskButton.swift in Sources */,
				92959A0E1FC6CDB0005B331F /* ViewController.swift in Sources */,
				CE8ED6521FD64ACA00D4D446 /* CodingTasks.swift in Sources */,
				CE8ED6561FD64AF100D4D446 /* TestingTasks.swift in Sources */,
				220839141FCDD2CB003CD62A /* PlanLine.swift in Sources */,
				220838C41FCC60DF003CD62A /* Project.swift in Sources */,
				92CDA1EF1FDA5E14006C02F8 /* DetailTaskViewController.swift in Sources */,
				92926DB41FDD2525007046E9 /* EditTaskViewController.swift in Sources */,
				47F44DBA1FD7A5A00049F4B7 /* TipsViewController.swift in Sources */,
				96CD07771FCD64E700C0D563 /* Event.swift in Sources */,
				220838BE1FCC5D54003CD62A /* Sprint.swift in Sources */,
				961824FC1FDD38EF007FBB2D /* AddSprintViewController.swift in Sources */,
				968AFD5D1FCFE8A000722C97 /* TaskAddedInfoView.swift in Sources */,
				22FB98791FCE9538000DD7F2 /* TestTableViewController.swift in Sources */,
				929682AF1FCFAF4600BBF591 /* coreDataCaplan.xcdatamodeld in Sources */,
				92CA5D0A1FDA553D0035631C /* ResetViewController.swift in Sources */,
				92959A0C1FC6CDB0005B331F /* AppDelegate.swift in Sources */,
				9642970D1FDBFA2A00E85B22 /* EventCore+CoreDataClass.swift in Sources */,
				22200D441FD5A9590090E4D3 /* EditNameViewController.swift in Sources */,
				4758D58D1FD53817004F1427 /* HelpNextViewController.swift in Sources */,
				964297091FDBFA2A00E85B22 /* TipsCore+CoreDataClass.swift in Sources */,
				96CD07791FCDA30D00C0D563 /* TaskPickerView.swift in Sources */,
				479484351FD67F2D005585C4 /* ColorSettingsTableViewController.swift in Sources */,
				92C4BACE1FCFC95700B7C2DB /* TaskSprintSetView.swift in Sources */,
				9642970B1FDBFA2A00E85B22 /* UserCore+CoreDataClass.swift in Sources */,
				964297111FDBFA2A00E85B22 /* ProjectCore+CoreDataClass.swift in Sources */,
				96CD079B1FCE89F700C0D563 /* TaskActivitiesView.swift in Sources */,
				CEE1AEDF1FD5913500A83A06 /* DesignTasks.swift in Sources */,
				CEAC67F81FCFAA7B00AB0212 /* TaskTableViewController.swift in Sources */,
				CE470D391FD98DF80000036B /* Notification.swift in Sources */,
				220838B81FCC2629003CD62A /* TaskBundle.swift in Sources */,
				220838C21FCC608E003CD62A /* User.swift in Sources */,
				22FB98E11FCFC18E000DD7F2 /* ProjectTableViewController.swift in Sources */,
				220838BC1FCC5C5A003CD62A /* Time.swift in Sources */,
				4758D5891FCFC9E1004F1427 /* HelpViewController.swift in Sources */,
				220838B41FCC0861003CD62A /* TimelineController.swift in Sources */,
				220838B61FCC0983003CD62A /* TimelineTable.swift in Sources */,
				220839121FCDCDFC003CD62A /* PlanTableViewCell.swift in Sources */,
				964297131FDBFA2A00E85B22 /* TaskCore+CoreDataClass.swift in Sources */,
				220839101FCDCD29003CD62A /* PlanTableViewController.swift in Sources */,
				9642970E1FDBFA2A00E85B22 /* EventCore+CoreDataProperties.swift in Sources */,
			);
			runOnlyForDeploymentPostprocessing = 0;
		};
/* End PBXSourcesBuildPhase section */

/* Begin PBXVariantGroup section */
		220838D31FCD0FEE003CD62A /* Timeline.storyboard */ = {
			isa = PBXVariantGroup;
			children = (
				220838D41FCD0FEE003CD62A /* Base */,
			);
			name = Timeline.storyboard;
			sourceTree = "<group>";
		};
		220838D81FCD1039003CD62A /* Tasks.storyboard */ = {
			isa = PBXVariantGroup;
			children = (
				220838D91FCD1039003CD62A /* Base */,
			);
			name = Tasks.storyboard;
			sourceTree = "<group>";
		};
		220838E61FCD1B77003CD62A /* Tips.storyboard */ = {
			isa = PBXVariantGroup;
			children = (
				220838E71FCD1B77003CD62A /* Base */,
			);
			name = Tips.storyboard;
			sourceTree = "<group>";
		};
		92959A0F1FC6CDB0005B331F /* Main.storyboard */ = {
			isa = PBXVariantGroup;
			children = (
				92959A101FC6CDB0005B331F /* Base */,
			);
			name = Main.storyboard;
			sourceTree = "<group>";
		};
		92959A141FC6CDB0005B331F /* LaunchScreen.storyboard */ = {
			isa = PBXVariantGroup;
			children = (
				92959A151FC6CDB0005B331F /* Base */,
			);
			name = LaunchScreen.storyboard;
			sourceTree = "<group>";
		};
/* End PBXVariantGroup section */

/* Begin XCBuildConfiguration section */
		92959A181FC6CDB0005B331F /* Debug */ = {
			isa = XCBuildConfiguration;
			buildSettings = {
				ALWAYS_SEARCH_USER_PATHS = NO;
				CLANG_ANALYZER_NONNULL = YES;
				CLANG_ANALYZER_NUMBER_OBJECT_CONVERSION = YES_AGGRESSIVE;
				CLANG_CXX_LANGUAGE_STANDARD = "gnu++0x";
				CLANG_CXX_LIBRARY = "libc++";
				CLANG_ENABLE_MODULES = YES;
				CLANG_ENABLE_OBJC_ARC = YES;
				CLANG_WARN_BOOL_CONVERSION = YES;
				CLANG_WARN_CONSTANT_CONVERSION = YES;
				CLANG_WARN_DIRECT_OBJC_ISA_USAGE = YES_ERROR;
				CLANG_WARN_DOCUMENTATION_COMMENTS = YES;
				CLANG_WARN_EMPTY_BODY = YES;
				CLANG_WARN_ENUM_CONVERSION = YES;
				CLANG_WARN_INFINITE_RECURSION = YES;
				CLANG_WARN_INT_CONVERSION = YES;
				CLANG_WARN_OBJC_ROOT_CLASS = YES_ERROR;
				CLANG_WARN_SUSPICIOUS_MOVE = YES;
				CLANG_WARN_UNREACHABLE_CODE = YES;
				CLANG_WARN__DUPLICATE_METHOD_MATCH = YES;
				"CODE_SIGN_IDENTITY[sdk=iphoneos*]" = "iPhone Developer";
				COPY_PHASE_STRIP = NO;
				DEBUG_INFORMATION_FORMAT = dwarf;
				ENABLE_STRICT_OBJC_MSGSEND = YES;
				ENABLE_TESTABILITY = YES;
				GCC_C_LANGUAGE_STANDARD = gnu99;
				GCC_DYNAMIC_NO_PIC = NO;
				GCC_NO_COMMON_BLOCKS = YES;
				GCC_OPTIMIZATION_LEVEL = 0;
				GCC_PREPROCESSOR_DEFINITIONS = (
					"DEBUG=1",
					"$(inherited)",
				);
				GCC_WARN_64_TO_32_BIT_CONVERSION = YES;
				GCC_WARN_ABOUT_RETURN_TYPE = YES_ERROR;
				GCC_WARN_UNDECLARED_SELECTOR = YES;
				GCC_WARN_UNINITIALIZED_AUTOS = YES_AGGRESSIVE;
				GCC_WARN_UNUSED_FUNCTION = YES;
				GCC_WARN_UNUSED_VARIABLE = YES;
				IPHONEOS_DEPLOYMENT_TARGET = 10.3;
				MTL_ENABLE_DEBUG_INFO = YES;
				ONLY_ACTIVE_ARCH = YES;
				SDKROOT = iphoneos;
				SWIFT_ACTIVE_COMPILATION_CONDITIONS = DEBUG;
				SWIFT_OPTIMIZATION_LEVEL = "-Onone";
				TARGETED_DEVICE_FAMILY = "1,2";
			};
			name = Debug;
		};
		92959A191FC6CDB0005B331F /* Release */ = {
			isa = XCBuildConfiguration;
			buildSettings = {
				ALWAYS_SEARCH_USER_PATHS = NO;
				CLANG_ANALYZER_NONNULL = YES;
				CLANG_ANALYZER_NUMBER_OBJECT_CONVERSION = YES_AGGRESSIVE;
				CLANG_CXX_LANGUAGE_STANDARD = "gnu++0x";
				CLANG_CXX_LIBRARY = "libc++";
				CLANG_ENABLE_MODULES = YES;
				CLANG_ENABLE_OBJC_ARC = YES;
				CLANG_WARN_BOOL_CONVERSION = YES;
				CLANG_WARN_CONSTANT_CONVERSION = YES;
				CLANG_WARN_DIRECT_OBJC_ISA_USAGE = YES_ERROR;
				CLANG_WARN_DOCUMENTATION_COMMENTS = YES;
				CLANG_WARN_EMPTY_BODY = YES;
				CLANG_WARN_ENUM_CONVERSION = YES;
				CLANG_WARN_INFINITE_RECURSION = YES;
				CLANG_WARN_INT_CONVERSION = YES;
				CLANG_WARN_OBJC_ROOT_CLASS = YES_ERROR;
				CLANG_WARN_SUSPICIOUS_MOVE = YES;
				CLANG_WARN_UNREACHABLE_CODE = YES;
				CLANG_WARN__DUPLICATE_METHOD_MATCH = YES;
				"CODE_SIGN_IDENTITY[sdk=iphoneos*]" = "iPhone Developer";
				COPY_PHASE_STRIP = NO;
				DEBUG_INFORMATION_FORMAT = "dwarf-with-dsym";
				ENABLE_NS_ASSERTIONS = NO;
				ENABLE_STRICT_OBJC_MSGSEND = YES;
				GCC_C_LANGUAGE_STANDARD = gnu99;
				GCC_NO_COMMON_BLOCKS = YES;
				GCC_WARN_64_TO_32_BIT_CONVERSION = YES;
				GCC_WARN_ABOUT_RETURN_TYPE = YES_ERROR;
				GCC_WARN_UNDECLARED_SELECTOR = YES;
				GCC_WARN_UNINITIALIZED_AUTOS = YES_AGGRESSIVE;
				GCC_WARN_UNUSED_FUNCTION = YES;
				GCC_WARN_UNUSED_VARIABLE = YES;
				IPHONEOS_DEPLOYMENT_TARGET = 10.3;
				MTL_ENABLE_DEBUG_INFO = NO;
				SDKROOT = iphoneos;
				SWIFT_OPTIMIZATION_LEVEL = "-Owholemodule";
				TARGETED_DEVICE_FAMILY = "1,2";
				VALIDATE_PRODUCT = YES;
			};
			name = Release;
		};
		92959A1B1FC6CDB0005B331F /* Debug */ = {
			isa = XCBuildConfiguration;
			buildSettings = {
				ASSETCATALOG_COMPILER_APPICON_NAME = AppIcon;
				CLANG_ENABLE_MODULES = YES;
				DEVELOPMENT_TEAM = "";
				INFOPLIST_FILE = IndomitableProject/Info.plist;
				LD_RUNPATH_SEARCH_PATHS = "$(inherited) @executable_path/Frameworks";
				PRODUCT_BUNDLE_IDENTIFIER = edu.RagingWind.IndomitableProject;
				PRODUCT_NAME = "$(TARGET_NAME)";
				SWIFT_OPTIMIZATION_LEVEL = "-Onone";
				SWIFT_VERSION = 3.0;
			};
			name = Debug;
		};
		92959A1C1FC6CDB0005B331F /* Release */ = {
			isa = XCBuildConfiguration;
			buildSettings = {
				ASSETCATALOG_COMPILER_APPICON_NAME = AppIcon;
				CLANG_ENABLE_MODULES = YES;
				DEVELOPMENT_TEAM = "";
				INFOPLIST_FILE = IndomitableProject/Info.plist;
				LD_RUNPATH_SEARCH_PATHS = "$(inherited) @executable_path/Frameworks";
				PRODUCT_BUNDLE_IDENTIFIER = edu.RagingWind.IndomitableProject;
				PRODUCT_NAME = "$(TARGET_NAME)";
				SWIFT_VERSION = 3.0;
			};
			name = Release;
		};
/* End XCBuildConfiguration section */

/* Begin XCConfigurationList section */
		92959A031FC6CDAF005B331F /* Build configuration list for PBXProject "IndomitableProject" */ = {
			isa = XCConfigurationList;
			buildConfigurations = (
				92959A181FC6CDB0005B331F /* Debug */,
				92959A191FC6CDB0005B331F /* Release */,
			);
			defaultConfigurationIsVisible = 0;
			defaultConfigurationName = Release;
		};
		92959A1A1FC6CDB0005B331F /* Build configuration list for PBXNativeTarget "IndomitableProject" */ = {
			isa = XCConfigurationList;
			buildConfigurations = (
				92959A1B1FC6CDB0005B331F /* Debug */,
				92959A1C1FC6CDB0005B331F /* Release */,
			);
			defaultConfigurationIsVisible = 0;
			defaultConfigurationName = Release;
		};
/* End XCConfigurationList section */

/* Begin XCVersionGroup section */
		929682AD1FCFAF4500BBF591 /* coreDataCaplan.xcdatamodeld */ = {
			isa = XCVersionGroup;
			children = (
				929682AE1FCFAF4500BBF591 /* coreDataCaplan.xcdatamodel */,
			);
			currentVersion = 929682AE1FCFAF4500BBF591 /* coreDataCaplan.xcdatamodel */;
			path = coreDataCaplan.xcdatamodeld;
			sourceTree = "<group>";
			versionGroupType = wrapper.xcdatamodel;
		};
/* End XCVersionGroup section */
	};
	rootObject = 92959A001FC6CDAF005B331F /* Project object */;
}
